
Microsoft Visual Studio Solution File, Format Version 11.00
# Visual Studio 2010
Project("{F184B08F-C81C-45F6-A57F-5ABD9991F28F}") = "Bitcoin Bot", "BitcoinSeller\Bitcoin Bot.vbproj", "{42B24146-C141-4D66-B6A5-DEE10B10D7B3}"
EndProject
Global
	GlobalSection(SolutionConfigurationPlatforms) = preSolution
		Debug|x86 = Debug|x86
		Release|x86 = Release|x86
	EndGlobalSection
	GlobalSection(ProjectConfigurationPlatforms) = postSolution
		{42B24146-C141-4D66-B6A5-DEE10B10D7B3}.Debug|x86.ActiveCfg = Debug|x86
		{42B24146-C141-4D66-B6A5-DEE10B10D7B3}.Debug|x86.Build.0 = Debug|x86
		{42B24146-C141-4D66-B6A5-DEE10B10D7B3}.Release|x86.ActiveCfg = Release|x86
		{42B24146-C141-4D66-B6A5-DEE10B10D7B3}.Release|x86.Build.0 = Release|x86
	EndGlobalSection
	GlobalSection(SolutionProperties) = preSolution
		HideSolutionNode = FALSE
	EndGlobalSection
EndGlobal
